// !$*UTF8*$!
{
	archiveVersion = 1;
	classes = {
	};
	objectVersion = 46;
	objects = {

/* Begin PBXBuildFile section */
		674337EF1E8A5BFA00490EE9 /* main.m in Sources */ = {isa = PBXBuildFile; fileRef = 674337EE1E8A5BFA00490EE9 /* main.m */; };
		674337F21E8A5BFA00490EE9 /* AppDelegate.m in Sources */ = {isa = PBXBuildFile; fileRef = 674337F11E8A5BFA00490EE9 /* AppDelegate.m */; };
		674337F51E8A5BFA00490EE9 /* ViewController.m in Sources */ = {isa = PBXBuildFile; fileRef = 674337F41E8A5BFA00490EE9 /* ViewController.m */; };
		674337F81E8A5BFB00490EE9 /* Main.storyboard in Resources */ = {isa = PBXBuildFile; fileRef = 674337F61E8A5BFB00490EE9 /* Main.storyboard */; };
		674337FA1E8A5BFB00490EE9 /* Assets.xcassets in Resources */ = {isa = PBXBuildFile; fileRef = 674337F91E8A5BFB00490EE9 /* Assets.xcassets */; };
		674337FD1E8A5BFB00490EE9 /* LaunchScreen.storyboard in Resources */ = {isa = PBXBuildFile; fileRef = 674337FB1E8A5BFB00490EE9 /* LaunchScreen.storyboard */; };
		6743380B1E8A5C1E00490EE9 /* main.swift in Sources */ = {isa = PBXBuildFile; fileRef = 6743380A1E8A5C1E00490EE9 /* main.swift */; };
/* End PBXBuildFile section */

/* Begin PBXCopyFilesBuildPhase section */
		674338061E8A5C1E00490EE9 /* CopyFiles */ = {
			isa = PBXCopyFilesBuildPhase;
			buildActionMask = 2147483647;
			dstPath = /usr/share/man/man1/;
			dstSubfolderSpec = 0;
			files = (
			);
			runOnlyForDeploymentPostprocessing = 1;
		};
/* End PBXCopyFilesBuildPhase section */

/* Begin PBXFileReference section */
		674337EA1E8A5BFA00490EE9 /* SGRunScript.app */ = {isa = PBXFileReference; explicitFileType = wrapper.application; includeInIndex = 0; path = SGRunScript.app; sourceTree = BUILT_PRODUCTS_DIR; };
		674337EE1E8A5BFA00490EE9 /* main.m */ = {isa = PBXFileReference; lastKnownFileType = sourcecode.c.objc; path = main.m; sourceTree = "<group>"; };
		674337F01E8A5BFA00490EE9 /* AppDelegate.h */ = {isa = PBXFileReference; lastKnownFileType = sourcecode.c.h; path = AppDelegate.h; sourceTree = "<group>"; };
		674337F11E8A5BFA00490EE9 /* AppDelegate.m */ = {isa = PBXFileReference; lastKnownFileType = sourcecode.c.objc; path = AppDelegate.m; sourceTree = "<group>"; };
		674337F31E8A5BFA00490EE9 /* ViewController.h */ = {isa = PBXFileReference; lastKnownFileType = sourcecode.c.h; path = ViewController.h; sourceTree = "<group>"; };
		674337F41E8A5BFA00490EE9 /* ViewController.m */ = {isa = PBXFileReference; lastKnownFileType = sourcecode.c.objc; path = ViewController.m; sourceTree = "<group>"; };
		674337F71E8A5BFB00490EE9 /* Base */ = {isa = PBXFileReference; lastKnownFileType = file.storyboard; name = Base; path = Base.lproj/Main.storyboard; sourceTree = "<group>"; };
		674337F91E8A5BFB00490EE9 /* Assets.xcassets */ = {isa = PBXFileReference; lastKnownFileType = folder.assetcatalog; path = Assets.xcassets; sourceTree = "<group>"; };
		674337FC1E8A5BFB00490EE9 /* Base */ = {isa = PBXFileReference; lastKnownFileType = file.storyboard; name = Base; path = Base.lproj/LaunchScreen.storyboard; sourceTree = "<group>"; };
		674337FE1E8A5BFB00490EE9 /* Info.plist */ = {isa = PBXFileReference; lastKnownFileType = text.plist.xml; path = Info.plist; sourceTree = "<group>"; };
		674338081E8A5C1E00490EE9 /* SGBuildHelper */ = {isa = PBXFileReference; explicitFileType = "compiled.mach-o.executable"; includeInIndex = 0; path = SGBuildHelper; sourceTree = BUILT_PRODUCTS_DIR; };
		6743380A1E8A5C1E00490EE9 /* main.swift */ = {isa = PBXFileReference; lastKnownFileType = sourcecode.swift; path = main.swift; sourceTree = "<group>"; };
/* End PBXFileReference section */

/* Begin PBXFrameworksBuildPhase section */
		674337E71E8A5BFA00490EE9 /* Frameworks */ = {
			isa = PBXFrameworksBuildPhase;
			buildActionMask = 2147483647;
			files = (
			);
			runOnlyForDeploymentPostprocessing = 0;
		};
		674338051E8A5C1E00490EE9 /* Frameworks */ = {
			isa = PBXFrameworksBuildPhase;
			buildActionMask = 2147483647;
			files = (
			);
			runOnlyForDeploymentPostprocessing = 0;
		};
/* End PBXFrameworksBuildPhase section */

/* Begin PBXGroup section */
		674337E11E8A5BFA00490EE9 = {
			isa = PBXGroup;
			children = (
				674337EC1E8A5BFA00490EE9 /* SGRunScript */,
				674338091E8A5C1E00490EE9 /* SGBuildHelper */,
				674337EB1E8A5BFA00490EE9 /* Products */,
			);
			sourceTree = "<group>";
		};
		674337EB1E8A5BFA00490EE9 /* Products */ = {
			isa = PBXGroup;
			children = (
				674337EA1E8A5BFA00490EE9 /* SGRunScript.app */,
				674338081E8A5C1E00490EE9 /* SGBuildHelper */,
			);
			name = Products;
			sourceTree = "<group>";
		};
		674337EC1E8A5BFA00490EE9 /* SGRunScript */ = {
			isa = PBXGroup;
			children = (
				674337F01E8A5BFA00490EE9 /* AppDelegate.h */,
				674337F11E8A5BFA00490EE9 /* AppDelegate.m */,
				674337F31E8A5BFA00490EE9 /* ViewController.h */,
				674337F41E8A5BFA00490EE9 /* ViewController.m */,
				674337F61E8A5BFB00490EE9 /* Main.storyboard */,
				674337F91E8A5BFB00490EE9 /* Assets.xcassets */,
				674337FB1E8A5BFB00490EE9 /* LaunchScreen.storyboard */,
				674337FE1E8A5BFB00490EE9 /* Info.plist */,
				674337ED1E8A5BFA00490EE9 /* Supporting Files */,
			);
			path = SGRunScript;
			sourceTree = "<group>";
		};
		674337ED1E8A5BFA00490EE9 /* Supporting Files */ = {
			isa = PBXGroup;
			children = (
				674337EE1E8A5BFA00490EE9 /* main.m */,
			);
			name = "Supporting Files";
			sourceTree = "<group>";
		};
		674338091E8A5C1E00490EE9 /* SGBuildHelper */ = {
			isa = PBXGroup;
			children = (
				6743380A1E8A5C1E00490EE9 /* main.swift */,
			);
			path = SGBuildHelper;
			sourceTree = "<group>";
		};
/* End PBXGroup section */

/* Begin PBXNativeTarget section */
		674337E91E8A5BFA00490EE9 /* SGRunScript */ = {
			isa = PBXNativeTarget;
			buildConfigurationList = 674338011E8A5BFB00490EE9 /* Build configuration list for PBXNativeTarget "SGRunScript" */;
			buildPhases = (
				674337E61E8A5BFA00490EE9 /* Sources */,
				674337E71E8A5BFA00490EE9 /* Frameworks */,
				674337E81E8A5BFA00490EE9 /* Resources */,
				6743380F1E8A5C5900490EE9 /* SGBuildHelper */,
			);
			buildRules = (
			);
			dependencies = (
			);
			name = SGRunScript;
			productName = SGRunScript;
			productReference = 674337EA1E8A5BFA00490EE9 /* SGRunScript.app */;
			productType = "com.apple.product-type.application";
		};
		674338071E8A5C1E00490EE9 /* SGBuildHelper */ = {
			isa = PBXNativeTarget;
			buildConfigurationList = 6743380C1E8A5C1E00490EE9 /* Build configuration list for PBXNativeTarget "SGBuildHelper" */;
			buildPhases = (
				674338041E8A5C1E00490EE9 /* Sources */,
				674338051E8A5C1E00490EE9 /* Frameworks */,
				674338061E8A5C1E00490EE9 /* CopyFiles */,
			);
			buildRules = (
			);
			dependencies = (
			);
			name = SGBuildHelper;
			productName = SGBuildHelper;
			productReference = 674338081E8A5C1E00490EE9 /* SGBuildHelper */;
			productType = "com.apple.product-type.tool";
		};
/* End PBXNativeTarget section */

/* Begin PBXProject section */
		674337E21E8A5BFA00490EE9 /* Project object */ = {
			isa = PBXProject;
			attributes = {
				LastSwiftUpdateCheck = 0820;
				LastUpgradeCheck = 0820;
				ORGANIZATIONNAME = SegunLee;
				TargetAttributes = {
					674337E91E8A5BFA00490EE9 = {
						CreatedOnToolsVersion = 8.2.1;
						ProvisioningStyle = Manual;
					};
					674338071E8A5C1E00490EE9 = {
						CreatedOnToolsVersion = 8.2.1;
						ProvisioningStyle = Automatic;
					};
				};
			};
			buildConfigurationList = 674337E51E8A5BFA00490EE9 /* Build configuration list for PBXProject "SGRunScript" */;
			compatibilityVersion = "Xcode 3.2";
			developmentRegion = English;
			hasScannedForEncodings = 0;
			knownRegions = (
				en,
				Base,
			);
			mainGroup = 674337E11E8A5BFA00490EE9;
			productRefGroup = 674337EB1E8A5BFA00490EE9 /* Products */;
			projectDirPath = "";
			projectRoot = "";
			targets = (
				674337E91E8A5BFA00490EE9 /* SGRunScript */,
				674338071E8A5C1E00490EE9 /* SGBuildHelper */,
			);
		};
/* End PBXProject section */

/* Begin PBXResourcesBuildPhase section */
		674337E81E8A5BFA00490EE9 /* Resources */ = {
			isa = PBXResourcesBuildPhase;
			buildActionMask = 2147483647;
			files = (
				674337FD1E8A5BFB00490EE9 /* LaunchScreen.storyboard in Resources */,
				674337FA1E8A5BFB00490EE9 /* Assets.xcassets in Resources */,
				674337F81E8A5BFB00490EE9 /* Main.storyboard in Resources */,
			);
			runOnlyForDeploymentPostprocessing = 0;
		};
/* End PBXResourcesBuildPhase section */

/* Begin PBXShellScriptBuildPhase section */
		6743380F1E8A5C5900490EE9 /* SGBuildHelper */ = {
			isa = PBXShellScriptBuildPhase;
			buildActionMask = 2147483647;
			files = (
			);
			inputPaths = (
			);
			name = SGBuildHelper;
			outputPaths = (
			);
			runOnlyForDeploymentPostprocessing = 0;
			shellPath = /bin/sh;
			shellScript = "DEST=\"${BUILD_DIR}/${CONFIGURATION}\"\nxcodebuild -project \"${PROJECT_DIR}/SGrunScript.xcodeproj\" -target SGBuildHelper CONFIGURATION_BUILD_DIR=\"${DEST}\"\n$DEST/SGBuildHelper -m M1 -sm SM1";
		};
/* End PBXShellScriptBuildPhase section */

/* Begin PBXSourcesBuildPhase section */
		674337E61E8A5BFA00490EE9 /* Sources */ = {
			isa = PBXSourcesBuildPhase;
			buildActionMask = 2147483647;
			files = (
				674337F51E8A5BFA00490EE9 /* ViewController.m in Sources */,
				674337F21E8A5BFA00490EE9 /* AppDelegate.m in Sources */,
				674337EF1E8A5BFA00490EE9 /* main.m in Sources */,
			);
			runOnlyForDeploymentPostprocessing = 0;
		};
		674338041E8A5C1E00490EE9 /* Sources */ = {
			isa = PBXSourcesBuildPhase;
			buildActionMask = 2147483647;
			files = (
				6743380B1E8A5C1E00490EE9 /* main.swift in Sources */,
			);
			runOnlyForDeploymentPostprocessing = 0;
		};
/* End PBXSourcesBuildPhase section */

/* Begin PBXVariantGroup section */
		674337F61E8A5BFB00490EE9 /* Main.storyboard */ = {
			isa = PBXVariantGroup;
			children = (
				674337F71E8A5BFB00490EE9 /* Base */,
			);
			name = Main.storyboard;
			sourceTree = "<group>";
		};
		674337FB1E8A5BFB00490EE9 /* LaunchScreen.storyboard */ = {
			isa = PBXVariantGroup;
			children = (
				674337FC1E8A5BFB00490EE9 /* Base */,
			);
			name = LaunchScreen.storyboard;
			sourceTree = "<group>";
		};
/* End PBXVariantGroup section */

/* Begin XCBuildConfiguration section */
		674337FF1E8A5BFB00490EE9 /* Debug */ = {
			isa = XCBuildConfiguration;
			buildSettings = {
				ALWAYS_SEARCH_USER_PATHS = NO;
				CLANG_ANALYZER_NONNULL = YES;
				CLANG_CXX_LANGUAGE_STANDARD = "gnu++0x";
				CLANG_CXX_LIBRARY = "libc++";
				CLANG_ENABLE_MODULES = YES;
				CLANG_ENABLE_OBJC_ARC = YES;
				CLANG_WARN_BOOL_CONVERSION = YES;
				CLANG_WARN_CONSTANT_CONVERSION = YES;
				CLANG_WARN_DIRECT_OBJC_ISA_USAGE = YES_ERROR;
				CLANG_WARN_DOCUMENTATION_COMMENTS = YES;
				CLANG_WARN_EMPTY_BODY = YES;
				CLANG_WARN_ENUM_CONVERSION = YES;
				CLANG_WARN_INFINITE_RECURSION = YES;
				CLANG_WARN_INT_CONVERSION = YES;
				CLANG_WARN_OBJC_ROOT_CLASS = YES_ERROR;
				CLANG_WARN_SUSPICIOUS_MOVE = YES;
				CLANG_WARN_UNREACHABLE_CODE = YES;
				CLANG_WARN__DUPLICATE_METHOD_MATCH = YES;
				"CODE_SIGN_IDENTITY[sdk=iphoneos*]" = "iPhone Developer";
				COPY_PHASE_STRIP = NO;
				DEBUG_INFORMATION_FORMAT = dwarf;
				ENABLE_STRICT_OBJC_MSGSEND = YES;
				ENABLE_TESTABILITY = YES;
				GCC_C_LANGUAGE_STANDARD = gnu99;
				GCC_DYNAMIC_NO_PIC = NO;
				GCC_NO_COMMON_BLOCKS = YES;
				GCC_OPTIMIZATION_LEVEL = 0;
				GCC_PREPROCESSOR_DEFINITIONS = (
					"DEBUG=1",
					"$(inherited)",
				);
				GCC_WARN_64_TO_32_BIT_CONVERSION = YES;
				GCC_WARN_ABOUT_RETURN_TYPE = YES_ERROR;
				GCC_WARN_UNDECLARED_SELECTOR = YES;
				GCC_WARN_UNINITIALIZED_AUTOS = YES_AGGRESSIVE;
				GCC_WARN_UNUSED_FUNCTION = YES;
				GCC_WARN_UNUSED_VARIABLE = YES;
				IPHONEOS_DEPLOYMENT_TARGET = 10.2;
				MTL_ENABLE_DEBUG_INFO = YES;
				ONLY_ACTIVE_ARCH = YES;
				SDKROOT = iphoneos;
			};
			name = Debug;
		};
		674338001E8A5BFB00490EE9 /* Release */ = {
			isa = XCBuildConfiguration;
			buildSettings = {
				ALWAYS_SEARCH_USER_PATHS = NO;
				CLANG_ANALYZER_NONNULL = YES;
				CLANG_CXX_LANGUAGE_STANDARD = "gnu++0x";
				CLANG_CXX_LIBRARY = "libc++";
				CLANG_ENABLE_MODULES = YES;
				CLANG_ENABLE_OBJC_ARC = YES;
				CLANG_WARN_BOOL_CONVERSION = YES;
				CLANG_WARN_CONSTANT_CONVERSION = YES;
				CLANG_WARN_DIRECT_OBJC_ISA_USAGE = YES_ERROR;
				CLANG_WARN_DOCUMENTATION_COMMENTS = YES;
				CLANG_WARN_EMPTY_BODY = YES;
				CLANG_WARN_ENUM_CONVERSION = YES;
				CLANG_WARN_INFINITE_RECURSION = YES;
				CLANG_WARN_INT_CONVERSION = YES;
				CLANG_WARN_OBJC_ROOT_CLASS = YES_ERROR;
				CLANG_WARN_SUSPICIOUS_MOVE = YES;
				CLANG_WARN_UNREACHABLE_CODE = YES;
				CLANG_WARN__DUPLICATE_METHOD_MATCH = YES;
				"CODE_SIGN_IDENTITY[sdk=iphoneos*]" = "iPhone Developer";
				COPY_PHASE_STRIP = NO;
				DEBUG_INFORMATION_FORMAT = "dwarf-with-dsym";
				ENABLE_NS_ASSERTIONS = NO;
				ENABLE_STRICT_OBJC_MSGSEND = YES;
				GCC_C_LANGUAGE_STANDARD = gnu99;
				GCC_NO_COMMON_BLOCKS = YES;
				GCC_WARN_64_TO_32_BIT_CONVERSION = YES;
				GCC_WARN_ABOUT_RETURN_TYPE = YES_ERROR;
				GCC_WARN_UNDECLARED_SELECTOR = YES;
				GCC_WARN_UNINITIALIZED_AUTOS = YES_AGGRESSIVE;
				GCC_WARN_UNUSED_FUNCTION = YES;
				GCC_WARN_UNUSED_VARIABLE = YES;
				IPHONEOS_DEPLOYMENT_TARGET = 10.2;
				MTL_ENABLE_DEBUG_INFO = NO;
				SDKROOT = iphoneos;
				VALIDATE_PRODUCT = YES;
			};
			name = Release;
		};
		674338021E8A5BFB00490EE9 /* Debug */ = {
			isa = XCBuildConfiguration;
			buildSettings = {
				ASSETCATALOG_COMPILER_APPICON_NAME = AppIcon;
				DEVELOPMENT_TEAM = "";
				INFOPLIST_FILE = SGRunScript/Info.plist;
				LD_RUNPATH_SEARCH_PATHS = "$(inherited) @executable_path/Frameworks";
				PRODUCT_BUNDLE_IDENTIFIER = SGIOS.SGRunScript;
				PRODUCT_NAME = "$(TARGET_NAME)";
			};
			name = Debug;
		};
		674338031E8A5BFB00490EE9 /* Release */ = {
			isa = XCBuildConfiguration;
			buildSettings = {
				ASSETCATALOG_COMPILER_APPICON_NAME = AppIcon;
				DEVELOPMENT_TEAM = "";
				INFOPLIST_FILE = SGRunScript/Info.plist;
				LD_RUNPATH_SEARCH_PATHS = "$(inherited) @executable_path/Frameworks";
				PRODUCT_BUNDLE_IDENTIFIER = SGIOS.SGRunScript;
				PRODUCT_NAME = "$(TARGET_NAME)";
			};
			name = Release;
		};
		6743380D1E8A5C1E00490EE9 /* Debug */ = {
			isa = XCBuildConfiguration;
			buildSettings = {
				CODE_SIGN_IDENTITY = "-";
				MACOSX_DEPLOYMENT_TARGET = 10.11;
				PRODUCT_NAME = "$(TARGET_NAME)";
				SDKROOT = macosx;
				SWIFT_OPTIMIZATION_LEVEL = "-Onone";
				SWIFT_VERSION = 3.0;
			};
			name = Debug;
		};
		6743380E1E8A5C1E00490EE9 /* Release */ = {
			isa = XCBuildConfiguration;
			buildSettings = {
				CODE_SIGN_IDENTITY = "-";
				MACOSX_DEPLOYMENT_TARGET = 10.11;
				PRODUCT_NAME = "$(TARGET_NAME)";
				SDKROOT = macosx;
				SWIFT_VERSION = 3.0;
			};
			name = Release;
		};
/* End XCBuildConfiguration section */

/* Begin XCConfigurationList section */
		674337E51E8A5BFA00490EE9 /* Build configuration list for PBXProject "SGRunScript" */ = {
			isa = XCConfigurationList;
			buildConfigurations = (
				674337FF1E8A5BFB00490EE9 /* Debug */,
				674338001E8A5BFB00490EE9 /* Release */,
			);
			defaultConfigurationIsVisible = 0;
			defaultConfigurationName = Release;
		};
		674338011E8A5BFB00490EE9 /* Build configuration list for PBXNativeTarget "SGRunScript" */ = {
			isa = XCConfigurationList;
			buildConfigurations = (
				674338021E8A5BFB00490EE9 /* Debug */,
				674338031E8A5BFB00490EE9 /* Release */,
			);
			defaultConfigurationIsVisible = 0;
			defaultConfigurationName = Release;
		};
		6743380C1E8A5C1E00490EE9 /* Build configuration list for PBXNativeTarget "SGBuildHelper" */ = {
			isa = XCConfigurationList;
			buildConfigurations = (
				6743380D1E8A5C1E00490EE9 /* Debug */,
				6743380E1E8A5C1E00490EE9 /* Release */,
			);
			defaultConfigurationIsVisible = 0;
			defaultConfigurationName = Release;
		};
/* End XCConfigurationList section */
	};
	rootObject = 674337E21E8A5BFA00490EE9 /* Project object */;
}
